// !$*UTF8*$!
{
	archiveVersion = 1;
	classes = {
	};
	objectVersion = 50;
	objects = {

/* Begin PBXBuildFile section */
		E1AC66872606E4180090428B /* AppDelegate.swift in Sources */ = {isa = PBXBuildFile; fileRef = E1AC66862606E4180090428B /* AppDelegate.swift */; };
		E1AC66892606E4180090428B /* SceneDelegate.swift in Sources */ = {isa = PBXBuildFile; fileRef = E1AC66882606E4180090428B /* SceneDelegate.swift */; };
		E1AC668C2606E4180090428B /* todo_list.xcdatamodeld in Sources */ = {isa = PBXBuildFile; fileRef = E1AC668A2606E4180090428B /* todo_list.xcdatamodeld */; };
		E1AC668E2606E4180090428B /* ContentView.swift in Sources */ = {isa = PBXBuildFile; fileRef = E1AC668D2606E4180090428B /* ContentView.swift */; };
		E1AC66902606E41E0090428B /* Assets.xcassets in Resources */ = {isa = PBXBuildFile; fileRef = E1AC668F2606E41E0090428B /* Assets.xcassets */; };
		E1AC66932606E41E0090428B /* Preview Assets.xcassets in Resources */ = {isa = PBXBuildFile; fileRef = E1AC66922606E41E0090428B /* Preview Assets.xcassets */; };
		E1AC66962606E41E0090428B /* LaunchScreen.storyboard in Resources */ = {isa = PBXBuildFile; fileRef = E1AC66942606E41E0090428B /* LaunchScreen.storyboard */; };
/* End PBXBuildFile section */

/* Begin PBXFileReference section */
		E1AC66832606E4180090428B /* todo_list.app */ = {isa = PBXFileReference; explicitFileType = wrapper.application; includeInIndex = 0; path = todo_list.app; sourceTree = BUILT_PRODUCTS_DIR; };
		E1AC66862606E4180090428B /* AppDelegate.swift */ = {isa = PBXFileReference; lastKnownFileType = sourcecode.swift; path = AppDelegate.swift; sourceTree = "<group>"; };
		E1AC66882606E4180090428B /* SceneDelegate.swift */ = {isa = PBXFileReference; lastKnownFileType = sourcecode.swift; path = SceneDelegate.swift; sourceTree = "<group>"; };
		E1AC668B2606E4180090428B /* todo_list.xcdatamodel */ = {isa = PBXFileReference; lastKnownFileType = wrapper.xcdatamodel; path = todo_list.xcdatamodel; sourceTree = "<group>"; };
		E1AC668D2606E4180090428B /* ContentView.swift */ = {isa = PBXFileReference; lastKnownFileType = sourcecode.swift; path = ContentView.swift; sourceTree = "<group>"; };
		E1AC668F2606E41E0090428B /* Assets.xcassets */ = {isa = PBXFileReference; lastKnownFileType = folder.assetcatalog; path = Assets.xcassets; sourceTree = "<group>"; };
		E1AC66922606E41E0090428B /* Preview Assets.xcassets */ = {isa = PBXFileReference; lastKnownFileType = folder.assetcatalog; path = "Preview Assets.xcassets"; sourceTree = "<group>"; };
		E1AC66952606E41E0090428B /* Base */ = {isa = PBXFileReference; lastKnownFileType = file.storyboard; name = Base; path = Base.lproj/LaunchScreen.storyboard; sourceTree = "<group>"; };
		E1AC66972606E41E0090428B /* Info.plist */ = {isa = PBXFileReference; lastKnownFileType = text.plist.xml; path = Info.plist; sourceTree = "<group>"; };
/* End PBXFileReference section */

/* Begin PBXFrameworksBuildPhase section */
		E1AC66802606E4180090428B /* Frameworks */ = {
			isa = PBXFrameworksBuildPhase;
			buildActionMask = 2147483647;
			files = (
			);
			runOnlyForDeploymentPostprocessing = 0;
		};
/* End PBXFrameworksBuildPhase section */

/* Begin PBXGroup section */
		E1AC667A2606E4180090428B = {
			isa = PBXGroup;
			children = (
				E1AC66852606E4180090428B /* todo_list */,
				E1AC66842606E4180090428B /* Products */,
			);
			sourceTree = "<group>";
		};
		E1AC66842606E4180090428B /* Products */ = {
			isa = PBXGroup;
			children = (
				E1AC66832606E4180090428B /* todo_list.app */,
			);
			name = Products;
			sourceTree = "<group>";
		};
		E1AC66852606E4180090428B /* todo_list */ = {
			isa = PBXGroup;
			children = (
				E1AC66862606E4180090428B /* AppDelegate.swift */,
				E1AC66882606E4180090428B /* SceneDelegate.swift */,
				E1AC668D2606E4180090428B /* ContentView.swift */,
				E1AC668F2606E41E0090428B /* Assets.xcassets */,
				E1AC66942606E41E0090428B /* LaunchScreen.storyboard */,
				E1AC66972606E41E0090428B /* Info.plist */,
				E1AC668A2606E4180090428B /* todo_list.xcdatamodeld */,
				E1AC66912606E41E0090428B /* Preview Content */,
			);
			path = todo_list;
			sourceTree = "<group>";
		};
		E1AC66912606E41E0090428B /* Preview Content */ = {
			isa = PBXGroup;
			children = (
				E1AC66922606E41E0090428B /* Preview Assets.xcassets */,
			);
			path = "Preview Content";
			sourceTree = "<group>";
		};
/* End PBXGroup section */

/* Begin PBXNativeTarget section */
		E1AC66822606E4180090428B /* todo_list */ = {
			isa = PBXNativeTarget;
			buildConfigurationList = E1AC669A2606E41E0090428B /* Build configuration list for PBXNativeTarget "todo_list" */;
			buildPhases = (
				E1AC667F2606E4180090428B /* Sources */,
				E1AC66802606E4180090428B /* Frameworks */,
				E1AC66812606E4180090428B /* Resources */,
			);
			buildRules = (
			);
			dependencies = (
			);
			name = todo_list;
			productName = todo_list;
			productReference = E1AC66832606E4180090428B /* todo_list.app */;
			productType = "com.apple.product-type.application";
		};
/* End PBXNativeTarget section */

/* Begin PBXProject section */
		E1AC667B2606E4180090428B /* Project object */ = {
			isa = PBXProject;
			attributes = {
				LastSwiftUpdateCheck = 1150;
				LastUpgradeCheck = 1150;
				ORGANIZATIONNAME = JeongWoonSeong;
				TargetAttributes = {
					E1AC66822606E4180090428B = {
						CreatedOnToolsVersion = 11.5;
					};
				};
			};
			buildConfigurationList = E1AC667E2606E4180090428B /* Build configuration list for PBXProject "todo_list" */;
			compatibilityVersion = "Xcode 9.3";
			developmentRegion = en;
			hasScannedForEncodings = 0;
			knownRegions = (
				en,
				Base,
			);
			mainGroup = E1AC667A2606E4180090428B;
			productRefGroup = E1AC66842606E4180090428B /* Products */;
			projectDirPath = "";
			projectRoot = "";
			targets = (
				E1AC66822606E4180090428B /* todo_list */,
			);
		};
/* End PBXProject section */

/* Begin PBXResourcesBuildPhase section */
		E1AC66812606E4180090428B /* Resources */ = {
			isa = PBXResourcesBuildPhase;
			buildActionMask = 2147483647;
			files = (
				E1AC66962606E41E0090428B /* LaunchScreen.storyboard in Resources */,
				E1AC66932606E41E0090428B /* Preview Assets.xcassets in Resources */,
				E1AC66902606E41E0090428B /* Assets.xcassets in Resources */,
			);
			runOnlyForDeploymentPostprocessing = 0;
		};
/* End PBXResourcesBuildPhase section */

/* Begin PBXSourcesBuildPhase section */
		E1AC667F2606E4180090428B /* Sources */ = {
			isa = PBXSourcesBuildPhase;
			buildActionMask = 2147483647;
			files = (
				E1AC66872606E4180090428B /* AppDelegate.swift in Sources */,
				E1AC668C2606E4180090428B /* todo_list.xcdatamodeld in Sources */,
				E1AC668E2606E4180090428B /* ContentView.swift in Sources */,
				E1AC66892606E4180090428B /* SceneDelegate.swift in Sources */,
			);
			runOnlyForDeploymentPostprocessing = 0;
		};
/* End PBXSourcesBuildPhase section */

/* Begin PBXVariantGroup section */
		E1AC66942606E41E0090428B /* LaunchScreen.storyboard */ = {
			isa = PBXVariantGroup;
			children = (
				E1AC66952606E41E0090428B /* Base */,
			);
			name = LaunchScreen.storyboard;
			sourceTree = "<group>";
		};
/* End PBXVariantGroup section */

/* Begin XCBuildConfiguration section */
		E1AC66982606E41E0090428B /* Debug */ = {
			isa = XCBuildConfiguration;
			buildSettings = {
				ALWAYS_SEARCH_USER_PATHS = NO;
				CLANG_ANALYZER_NONNULL = YES;
				CLANG_ANALYZER_NUMBER_OBJECT_CONVERSION = YES_AGGRESSIVE;
				CLANG_CXX_LANGUAGE_STANDARD = "gnu++14";
				CLANG_CXX_LIBRARY = "libc++";
				CLANG_ENABLE_MODULES = YES;
				CLANG_ENABLE_OBJC_ARC = YES;
				CLANG_ENABLE_OBJC_WEAK = YES;
				CLANG_WARN_BLOCK_CAPTURE_AUTORELEASING = YES;
				CLANG_WARN_BOOL_CONVERSION = YES;
				CLANG_WARN_COMMA = YES;
				CLANG_WARN_CONSTANT_CONVERSION = YES;
				CLANG_WARN_DEPRECATED_OBJC_IMPLEMENTATIONS = YES;
				CLANG_WARN_DIRECT_OBJC_ISA_USAGE = YES_ERROR;
				CLANG_WARN_DOCUMENTATION_COMMENTS = YES;
				CLANG_WARN_EMPTY_BODY = YES;
				CLANG_WARN_ENUM_CONVERSION = YES;
				CLANG_WARN_INFINITE_RECURSION = YES;
				CLANG_WARN_INT_CONVERSION = YES;
				CLANG_WARN_NON_LITERAL_NULL_CONVERSION = YES;
				CLANG_WARN_OBJC_IMPLICIT_RETAIN_SELF = YES;
				CLANG_WARN_OBJC_LITERAL_CONVERSION = YES;
				CLANG_WARN_OBJC_ROOT_CLASS = YES_ERROR;
				CLANG_WARN_RANGE_LOOP_ANALYSIS = YES;
				CLANG_WARN_STRICT_PROTOTYPES = YES;
				CLANG_WARN_SUSPICIOUS_MOVE = YES;
				CLANG_WARN_UNGUARDED_AVAILABILITY = YES_AGGRESSIVE;
				CLANG_WARN_UNREACHABLE_CODE = YES;
				CLANG_WARN__DUPLICATE_METHOD_MATCH = YES;
				COPY_PHASE_STRIP = NO;
				DEBUG_INFORMATION_FORMAT = dwarf;
				ENABLE_STRICT_OBJC_MSGSEND = YES;
				ENABLE_TESTABILITY = YES;
				GCC_C_LANGUAGE_STANDARD = gnu11;
				GCC_DYNAMIC_NO_PIC = NO;
				GCC_NO_COMMON_BLOCKS = YES;
				GCC_OPTIMIZATION_LEVEL = 0;
				GCC_PREPROCESSOR_DEFINITIONS = (
					"DEBUG=1",
					"$(inherited)",
				);
				GCC_WARN_64_TO_32_BIT_CONVERSION = YES;
				GCC_WARN_ABOUT_RETURN_TYPE = YES_ERROR;
				GCC_WARN_UNDECLARED_SELECTOR = YES;
				GCC_WARN_UNINITIALIZED_AUTOS = YES_AGGRESSIVE;
				GCC_WARN_UNUSED_FUNCTION = YES;
				GCC_WARN_UNUSED_VARIABLE = YES;
				IPHONEOS_DEPLOYMENT_TARGET = 13.5;
				MTL_ENABLE_DEBUG_INFO = INCLUDE_SOURCE;
				MTL_FAST_MATH = YES;
				ONLY_ACTIVE_ARCH = YES;
				SDKROOT = iphoneos;
				SWIFT_ACTIVE_COMPILATION_CONDITIONS = DEBUG;
				SWIFT_OPTIMIZATION_LEVEL = "-Onone";
			};
			name = Debug;
		};
		E1AC66992606E41E0090428B /* Release */ = {
			isa = XCBuildConfiguration;
			buildSettings = {
				ALWAYS_SEARCH_USER_PATHS = NO;
				CLANG_ANALYZER_NONNULL = YES;
				CLANG_ANALYZER_NUMBER_OBJECT_CONVERSION = YES_AGGRESSIVE;
				CLANG_CXX_LANGUAGE_STANDARD = "gnu++14";
				CLANG_CXX_LIBRARY = "libc++";
				CLANG_ENABLE_MODULES = YES;
				CLANG_ENABLE_OBJC_ARC = YES;
				CLANG_ENABLE_OBJC_WEAK = YES;
				CLANG_WARN_BLOCK_CAPTURE_AUTORELEASING = YES;
				CLANG_WARN_BOOL_CONVERSION = YES;
				CLANG_WARN_COMMA = YES;
				CLANG_WARN_CONSTANT_CONVERSION = YES;
				CLANG_WARN_DEPRECATED_OBJC_IMPLEMENTATIONS = YES;
				CLANG_WARN_DIRECT_OBJC_ISA_USAGE = YES_ERROR;
				CLANG_WARN_DOCUMENTATION_COMMENTS = YES;
				CLANG_WARN_EMPTY_BODY = YES;
				CLANG_WARN_ENUM_CONVERSION = YES;
				CLANG_WARN_INFINITE_RECURSION = YES;
				CLANG_WARN_INT_CONVERSION = YES;
				CLANG_WARN_NON_LITERAL_NULL_CONVERSION = YES;
				CLANG_WARN_OBJC_IMPLICIT_RETAIN_SELF = YES;
				CLANG_WARN_OBJC_LITERAL_CONVERSION = YES;
				CLANG_WARN_OBJC_ROOT_CLASS = YES_ERROR;
				CLANG_WARN_RANGE_LOOP_ANALYSIS = YES;
				CLANG_WARN_STRICT_PROTOTYPES = YES;
				CLANG_WARN_SUSPICIOUS_MOVE = YES;
				CLANG_WARN_UNGUARDED_AVAILABILITY = YES_AGGRESSIVE;
				CLANG_WARN_UNREACHABLE_CODE = YES;
				CLANG_WARN__DUPLICATE_METHOD_MATCH = YES;
				COPY_PHASE_STRIP = NO;
				DEBUG_INFORMATION_FORMAT = "dwarf-with-dsym";
				ENABLE_NS_ASSERTIONS = NO;
				ENABLE_STRICT_OBJC_MSGSEND = YES;
				GCC_C_LANGUAGE_STANDARD = gnu11;
				GCC_NO_COMMON_BLOCKS = YES;
				GCC_WARN_64_TO_32_BIT_CONVERSION = YES;
				GCC_WARN_ABOUT_RETURN_TYPE = YES_ERROR;
				GCC_WARN_UNDECLARED_SELECTOR = YES;
				GCC_WARN_UNINITIALIZED_AUTOS = YES_AGGRESSIVE;
				GCC_WARN_UNUSED_FUNCTION = YES;
				GCC_WARN_UNUSED_VARIABLE = YES;
				IPHONEOS_DEPLOYMENT_TARGET = 13.5;
				MTL_ENABLE_DEBUG_INFO = NO;
				MTL_FAST_MATH = YES;
				SDKROOT = iphoneos;
				SWIFT_COMPILATION_MODE = wholemodule;
				SWIFT_OPTIMIZATION_LEVEL = "-O";
				VALIDATE_PRODUCT = YES;
			};
			name = Release;
		};
		E1AC669B2606E41E0090428B /* Debug */ = {
			isa = XCBuildConfiguration;
			buildSettings = {
				ASSETCATALOG_COMPILER_APPICON_NAME = AppIcon;
				CODE_SIGN_STYLE = Automatic;
				DEVELOPMENT_ASSET_PATHS = "\"todo_list/Preview Content\"";
				ENABLE_PREVIEWS = YES;
				INFOPLIST_FILE = todo_list/Info.plist;
				LD_RUNPATH_SEARCH_PATHS = (
					"$(inherited)",
					"@executable_path/Frameworks",
				);
				PRODUCT_BUNDLE_IDENTIFIER = "apple.todo-list";
				PRODUCT_NAME = "$(TARGET_NAME)";
				SWIFT_VERSION = 5.0;
				TARGETED_DEVICE_FAMILY = "1,2";
			};
			name = Debug;
		};
		E1AC669C2606E41E0090428B /* Release */ = {
			isa = XCBuildConfiguration;
			buildSettings = {
				ASSETCATALOG_COMPILER_APPICON_NAME = AppIcon;
				CODE_SIGN_STYLE = Automatic;
				DEVELOPMENT_ASSET_PATHS = "\"todo_list/Preview Content\"";
				ENABLE_PREVIEWS = YES;
				INFOPLIST_FILE = todo_list/Info.plist;
				LD_RUNPATH_SEARCH_PATHS = (
					"$(inherited)",
					"@executable_path/Frameworks",
				);
				PRODUCT_BUNDLE_IDENTIFIER = "apple.todo-list";
				PRODUCT_NAME = "$(TARGET_NAME)";
				SWIFT_VERSION = 5.0;
				TARGETED_DEVICE_FAMILY = "1,2";
			};
			name = Release;
		};
/* End XCBuildConfiguration section */

/* Begin XCConfigurationList section */
		E1AC667E2606E4180090428B /* Build configuration list for PBXProject "todo_list" */ = {
			isa = XCConfigurationList;
			buildConfigurations = (
				E1AC66982606E41E0090428B /* Debug */,
				E1AC66992606E41E0090428B /* Release */,
			);
			defaultConfigurationIsVisible = 0;
			defaultConfigurationName = Release;
		};
		E1AC669A2606E41E0090428B /* Build configuration list for PBXNativeTarget "todo_list" */ = {
			isa = XCConfigurationList;
			buildConfigurations = (
				E1AC669B2606E41E0090428B /* Debug */,
				E1AC669C2606E41E0090428B /* Release */,
			);
			defaultConfigurationIsVisible = 0;
			defaultConfigurationName = Release;
		};
/* End XCConfigurationList section */

/* Begin XCVersionGroup section */
		E1AC668A2606E4180090428B /* todo_list.xcdatamodeld */ = {
			isa = XCVersionGroup;
			children = (
				E1AC668B2606E4180090428B /* todo_list.xcdatamodel */,
			);
			currentVersion = E1AC668B2606E4180090428B /* todo_list.xcdatamodel */;
			path = todo_list.xcdatamodeld;
			sourceTree = "<group>";
			versionGroupType = wrapper.xcdatamodel;
		};
/* End XCVersionGroup section */
	};
	rootObject = E1AC667B2606E4180090428B /* Project object */;
}
